version: 1
files:
  src/locales/en.json:
    common.appName: bd5b770e89f8e578f4881e66d6f797d7
    common.description: 10b1e05481c1cbe282e716e08e7f0fce
    header.title: a4b767c1d1dac3d6de2d8c8ed87e3d8b
    hero.title: 10b1e05481c1cbe282e716e08e7f0fce
    trustSignals.title: f6368bcbee55445dc3da0161a49e7424
    trustSignals.partners.0: 45e219f82e92a2a76f7665cd19d34e1e
    trustSignals.partners.1: b1e9b36364c855fad4161cfb10d45735
    trustSignals.partners.2: 6808dd0e73ce8c42a097bc74c523775f
    trustSignals.partners.3: 7abc1a233092fc104c7af72a89c0829c
    trustSignals.partners.4: 2a430fe04cae2387a569198f41c5254c
    trustSignals.partners.5: f663ef61128ad7d20b14cc7669c62c24
    statistics.title: 7105199fe6669a23e1faa90c736676f7
    statistics.description: 069e15b755b755ae2b0276d093979d6c
    statistics.stats.0.value: 889d319023db9d69017c87e192f2ebd8
    statistics.stats.0.label: 553edaa445c153674ca749a9ffeb5b77
    statistics.stats.0.description: 0fee08832b2273a206fe40da31800e16
    statistics.stats.1.value: 14d4d6b532731eb4c93a8f27b0fb7c2c
    statistics.stats.1.label: e864e5fc29f96f693c35b7a51497589a
    statistics.stats.1.description: 122ba99503b6b767b633b80d8ce1914f
    statistics.stats.2.value: 2f2a93e35c30816b095188ebc81f9a0f
    statistics.stats.2.label: 33ceb220a0c8f9f1b6d6f4d8b97e0e8a
    statistics.stats.2.description: 481e86b71ca9f460ff4335d23c02d1f9
    statistics.stats.3.value: 42eed82794ac27b0aa96cc5893cab474
    statistics.stats.3.label: aac60ede1f09a5c3367f995d5d59a459
    statistics.stats.3.description: 31929f9e486c055c6032974c2abfb9cb
    caseStudies.sectionTag: 64ea8a4571e2986390ec49246aee014f
    caseStudies.title: 4625ee7ea5943edc3ebeb0cf48834544
    caseStudies.description: eea24a1685c97d0919d6380aba099a3c
    caseStudies.featuredCase.title: 4b1c411ed5e9d4fac343546ae7c38303
    caseStudies.featuredCase.description: a5c0be6894aa542f5f16225e820017f4
    caseStudies.featuredCase.metrics.0.value: 790939a66fc982107ea1f87bc6dc0109
    caseStudies.featuredCase.metrics.0.label: de92426f79891f21e22b4de5ddd8a21e
    caseStudies.featuredCase.metrics.1.value: 30bd7ce7de206924302499f197c7a966
    caseStudies.featuredCase.metrics.1.label: 33ceb220a0c8f9f1b6d6f4d8b97e0e8a
    caseStudies.featuredCase.metrics.2.value: 2d30bccb3b569ab57bf3a1f218fcde5c
    caseStudies.featuredCase.metrics.2.label: ecbe6eb71bcb646d89d2e361dfa84c21
    caseStudies.featuredCase.person.name: 21d79b3da151d71e44987a991c7d9a71
    caseStudies.featuredCase.person.title: a8f342c21860ef255af3867e5a4a71b2
    caseStudies.featuredCase.person.initials: 4144e097d2fa7a491cec2a7a4322f2bc
    integrations.title: 47fe12ef6dc10fed02e272ce60d59545
    integrations.description: 14fbd8c4be464e8253f8d619ccf81d9a
    integrations.items.0.name: 4924bf39b92ae05a348addeb8b79024f
    integrations.items.0.description: c32f09e79ea88749c2b9c908b8ff2dfd
    integrations.items.0.icon: 792b3a292e8c3071a46ab5946d304a19
    integrations.items.1.name: 3561f3a3c5576e2ce0dc0d1e268bb9b2
    integrations.items.1.description: b2bcb2c36eeb56f560a51e05f9de55c9
    integrations.items.1.icon: fdbe5f31832eb8e8697153ce6d003c69
    integrations.items.2.name: d3b7c913cd04ebfec0e9ec32cb6fd58c
    integrations.items.2.description: 379bf13776cef845374db45277d1b6a4
    integrations.items.2.icon: d0c6e45cfaa9270a545cfde683da82a3
    integrations.items.3.name: 8dd1bae8da2e2408210d0656fbe6b7d1
    integrations.items.3.description: fca9b88a8b3bbdbbebda5a2fcdd1874d
    integrations.items.3.icon: 414d33bebe4e6287a4f6900ad1065841
    integrations.items.4.name: b1b71398b3cdc71e2d12f79fe23881f9
    integrations.items.4.description: deac030ca3241a3bb8806d53b2908029
    integrations.items.4.icon: 1fb5619c1135ed315df318c66b3b4288
    integrations.items.5.name: fd539ca17a17132049c4fef4619df638
    integrations.items.5.description: ddaec94bcec711d855ff3ed4f64dfc2a
    integrations.items.5.icon: 571a5ba7aec0b965e1f2f6e272a279fa
    integrations.footer: b0bb341107978a5d6108a2086de0070a
    notifications.welcome.title: 96a6d772f0962e408a4a0de16a0a81a2
    notifications.welcome.description: d3d96de6884912e55b0b28278760a734
    seo.applicationCategory: bbae91ba0c21b5cd7f757bc71caed5de
    seo.price: 9836d1e9cdc33053d9097b9b8117b2c5
    seo.currency: 3518f8944d42212dd37daffe097d216e
    seo.operatingSystem: b1c94ca2fbc3e78fc30069c8d0f01680
    seo.rating.value: 4fb437564892944d73f87c822342e2bb
    seo.rating.count: 81e5f81db77c596492e6f1a5a792ed53
    seo.rating.best: e4da3b7fbbce2345d7772b0674a318d5
    seo.rating.worst: c4ca4238a0b923820dcc509a6f75849b
    seo.features.0: 33585b43027a7322012b9b3756febbba
    seo.features.1: 347c68af9f1b6e83a1d160a80e42d566
    seo.features.2: 5909c734f07ad34a5f6593b1dab6bf36
    seo.features.3: 1cf7168782187634fbc408c66b895dbc
    seo.features.4: 38a2904fba764c66827eee3f8b8685ba
